{
  "version": 4,
  "terraform_version": "1.11.3",
  "serial": 127,
  "lineage": "529f77e2-7bbe-039d-d3f6-51805d000fe0",
  "outputs": {
    "vm_public_ips": {
      "value": [
        "172.191.194.100",
        "172.191.56.170",
        "172.191.49.69"
      ],
      "type": [
        "tuple",
        [
          "string",
          "string",
          "string"
        ]
      ]
    }
  },
  "resources": [
    {
      "mode": "managed",
      "type": "azurerm_linux_virtual_machine",
      "name": "vms",
      "provider": "provider[\"registry.terraform.io/hashicorp/azurerm\"]",
      "instances": [
        {
          "index_key": 0,
          "schema_version": 0,
          "attributes": {
            "additional_capabilities": [],
            "admin_password": null,
            "admin_ssh_key": [
              {
                "public_key": "ssh-ed25519 AAAAC3NzaC1lZDI1NTE5AAAAIJHTG69ffzPTztHeE4w02IGqtiXDuj2ioSTIhDB0vDHY keshav@LAPTOP-72QH09HO\r\n",
                "username": "keshav"
              }
            ],
            "admin_username": "keshav",
            "allow_extension_operations": true,
            "availability_set_id": "",
            "boot_diagnostics": [],
            "bypass_platform_safety_checks_on_user_schedule_enabled": false,
            "capacity_reservation_group_id": "",
            "computer_name": "jenkins-master",
            "custom_data": null,
            "dedicated_host_group_id": "",
            "dedicated_host_id": "",
            "disable_password_authentication": true,
            "disk_controller_type": "",
            "edge_zone": "",
            "encryption_at_host_enabled": false,
            "eviction_policy": "",
            "extensions_time_budget": "PT1H30M",
            "gallery_application": [],
            "id": "/subscriptions/d280007c-c6c9-4cfb-bcef-0bb98fff82cd/resourceGroups/devops-project/providers/Microsoft.Compute/virtualMachines/jenkins-master",
            "identity": [],
            "license_type": "",
            "location": "eastus",
            "max_bid_price": -1,
            "name": "jenkins-master",
            "network_interface_ids": [
              "/subscriptions/d280007c-c6c9-4cfb-bcef-0bb98fff82cd/resourceGroups/devops-project/providers/Microsoft.Network/networkInterfaces/jenkins-master-nic"
            ],
            "os_disk": [
              {
                "caching": "ReadWrite",
                "diff_disk_settings": [],
                "disk_encryption_set_id": "",
                "disk_size_gb": 30,
                "id": "/subscriptions/d280007c-c6c9-4cfb-bcef-0bb98fff82cd/resourceGroups/devops-project/providers/Microsoft.Compute/disks/jenkins-master_disk1_0c3c93fd38094ca7b0773d23a67b6df9",
                "name": "jenkins-master_disk1_0c3c93fd38094ca7b0773d23a67b6df9",
                "secure_vm_disk_encryption_set_id": "",
                "security_encryption_type": "",
                "storage_account_type": "Standard_LRS",
                "write_accelerator_enabled": false
              }
            ],
            "os_image_notification": [],
            "patch_assessment_mode": "ImageDefault",
            "patch_mode": "ImageDefault",
            "plan": [],
            "platform_fault_domain": -1,
            "priority": "Regular",
            "private_ip_address": "10.0.1.4",
            "private_ip_addresses": [
              "10.0.1.4"
            ],
            "provision_vm_agent": true,
            "proximity_placement_group_id": "",
            "public_ip_address": "172.191.194.100",
            "public_ip_addresses": [
              "172.191.194.100"
            ],
            "reboot_setting": "",
            "resource_group_name": "devops-project",
            "secret": [],
            "secure_boot_enabled": false,
            "size": "Standard_B1s",
            "source_image_id": "",
            "source_image_reference": [
              {
                "offer": "0001-com-ubuntu-server-jammy",
                "publisher": "Canonical",
                "sku": "22_04-lts",
                "version": "latest"
              }
            ],
            "tags": {},
            "termination_notification": [],
            "timeouts": null,
            "user_data": "IyEvYmluL2Jhc2gKc2V0IC1lCgojIFVwZGF0ZSBzeXN0ZW0Kc3VkbyBhcHQtZ2V0IHVwZGF0ZSAteQpzdWRvIGFwdC1nZXQgdXBncmFkZSAteQoKIyBJbnN0YWxsIERvY2tlcgpzdWRvIGFwdC1nZXQgaW5zdGFsbCAteSBkb2NrZXIuaW8Kc3VkbyBzeXN0ZW1jdGwgc3RhcnQgZG9ja2VyCnN1ZG8gc3lzdGVtY3RsIGVuYWJsZSBkb2NrZXIKc3VkbyB1c2VybW9kIC1hRyBkb2NrZXIgJFVTRVIKCiMgSW5zdGFsbCBKYXZhIChKZW5raW5zIGRlcGVuZGVuY3kpCnN1ZG8gYXB0LWdldCBpbnN0YWxsIC15IG9wZW5qZGstMTEtamRrCgojIEFkZCBKZW5raW5zIHJlcG8gYW5kIGtleQp3Z2V0IC1xIC1PIC0gaHR0cHM6Ly9wa2cuamVua2lucy5pby9kZWJpYW4tc3RhYmxlL2plbmtpbnMuaW8ua2V5IHwgc3VkbyBhcHQta2V5IGFkZCAtCnN1ZG8gc2ggLWMgJ2VjaG8gZGViIGh0dHBzOi8vcGtnLmplbmtpbnMuaW8vZGViaWFuLXN0YWJsZSBiaW5hcnkvID4gL2V0Yy9hcHQvc291cmNlcy5saXN0LmQvamVua2lucy5saXN0JwoKIyBVcGRhdGUgYW5kIGluc3RhbGwgSmVua2lucwpzdWRvIGFwdC1nZXQgdXBkYXRlIC15CnN1ZG8gYXB0LWdldCBpbnN0YWxsIC15IGplbmtpbnMKCiMgU3RhcnQgSmVua2lucyBzZXJ2aWNlCnN1ZG8gc3lzdGVtY3RsIHN0YXJ0IGplbmtpbnMKc3VkbyBzeXN0ZW1jdGwgZW5hYmxlIGplbmtpbnMKCmVjaG8gIkplbmtpbnMgYW5kIERvY2tlciBpbnN0YWxsYXRpb24gY29tcGxldGVkLiIKCiMhL2Jpbi9iYXNoCnNldCAtZQoKIyBVcGRhdGUgc3lzdGVtCnN1ZG8gYXB0LWdldCB1cGRhdGUgLXkKc3VkbyBhcHQtZ2V0IHVwZ3JhZGUgLXkKCiMgSW5zdGFsbCBEb2NrZXIKc3VkbyBhcHQtZ2V0IGluc3RhbGwgLXkgZG9ja2VyLmlvCnN1ZG8gc3lzdGVtY3RsIHN0YXJ0IGRvY2tlcgpzdWRvIHN5c3RlbWN0bCBlbmFibGUgZG9ja2VyCnN1ZG8gdXNlcm1vZCAtYUcgZG9ja2VyICRVU0VSCgojIEluc3RhbGwga3ViZWN0bApjdXJsIC1MTyAiaHR0cHM6Ly9kbC5rOHMuaW8vcmVsZWFzZS8kKGN1cmwgLUwgLXMgaHR0cHM6Ly9kbC5rOHMuaW8vcmVsZWFzZS9zdGFibGUudHh0KS9iaW4vbGludXgvYW1kNjQva3ViZWN0bCIKc3VkbyBpbnN0YWxsIC1vIHJvb3QgLWcgcm9vdCAtbSAwNzU1IGt1YmVjdGwgL3Vzci9sb2NhbC9iaW4va3ViZWN0bApybSBrdWJlY3RsCgojIEluc3RhbGwgS0lORApjdXJsIC1MbyAuL2tpbmQgaHR0cHM6Ly9raW5kLnNpZ3MuazhzLmlvL2RsL3YwLjIwLjAva2luZC1saW51eC1hbWQ2NApjaG1vZCAreCAuL2tpbmQKc3VkbyBtdiAuL2tpbmQgL3Vzci9sb2NhbC9iaW4va2luZAoKIyBDcmVhdGUga2luZCBjbHVzdGVyIChvcHRpb25hbCwgeW91IGNhbiBhbHNvIHJ1biBtYW51YWxseSBsYXRlcikKa2luZCBjcmVhdGUgY2x1c3RlciAtLW5hbWUgZGV2b3BzLWtpbmQKCmVjaG8gIktJTkQsIGt1YmVjdGwsIGFuZCBEb2NrZXIgaW5zdGFsbGF0aW9uIGNvbXBsZXRlZC4iCg==",
            "virtual_machine_id": "28518ca2-8bee-47e6-af52-fd2d800bf1eb",
            "virtual_machine_scale_set_id": "",
            "vm_agent_platform_updates_enabled": false,
            "vtpm_enabled": false,
            "zone": ""
          },
          "sensitive_attributes": [
            [
              {
                "type": "get_attr",
                "value": "admin_password"
              }
            ],
            [
              {
                "type": "get_attr",
                "value": "custom_data"
              }
            ]
          ],
          "private": "eyJlMmJmYjczMC1lY2FhLTExZTYtOGY4OC0zNDM2M2JjN2M0YzAiOnsiY3JlYXRlIjoyNzAwMDAwMDAwMDAwLCJkZWxldGUiOjI3MDAwMDAwMDAwMDAsInJlYWQiOjMwMDAwMDAwMDAwMCwidXBkYXRlIjoyNzAwMDAwMDAwMDAwfX0=",
          "dependencies": [
            "azurerm_network_interface.nic",
            "azurerm_public_ip.pip",
            "azurerm_resource_group.rg",
            "azurerm_subnet.jenkins_subnet",
            "azurerm_virtual_network.v-net"
          ]
        },
        {
          "index_key": 1,
          "schema_version": 0,
          "attributes": {
            "additional_capabilities": [],
            "admin_password": null,
            "admin_ssh_key": [
              {
                "public_key": "ssh-ed25519 AAAAC3NzaC1lZDI1NTE5AAAAIJHTG69ffzPTztHeE4w02IGqtiXDuj2ioSTIhDB0vDHY keshav@LAPTOP-72QH09HO\r\n",
                "username": "keshav"
              }
            ],
            "admin_username": "keshav",
            "allow_extension_operations": true,
            "availability_set_id": "",
            "boot_diagnostics": [],
            "bypass_platform_safety_checks_on_user_schedule_enabled": false,
            "capacity_reservation_group_id": "",
            "computer_name": "k8s-vm",
            "custom_data": null,
            "dedicated_host_group_id": "",
            "dedicated_host_id": "",
            "disable_password_authentication": true,
            "disk_controller_type": "",
            "edge_zone": "",
            "encryption_at_host_enabled": false,
            "eviction_policy": "",
            "extensions_time_budget": "PT1H30M",
            "gallery_application": [],
            "id": "/subscriptions/d280007c-c6c9-4cfb-bcef-0bb98fff82cd/resourceGroups/devops-project/providers/Microsoft.Compute/virtualMachines/k8s-vm",
            "identity": [],
            "license_type": "",
            "location": "eastus",
            "max_bid_price": -1,
            "name": "k8s-vm",
            "network_interface_ids": [
              "/subscriptions/d280007c-c6c9-4cfb-bcef-0bb98fff82cd/resourceGroups/devops-project/providers/Microsoft.Network/networkInterfaces/k8s-nic"
            ],
            "os_disk": [
              {
                "caching": "ReadWrite",
                "diff_disk_settings": [],
                "disk_encryption_set_id": "",
                "disk_size_gb": 30,
                "id": "/subscriptions/d280007c-c6c9-4cfb-bcef-0bb98fff82cd/resourceGroups/devops-project/providers/Microsoft.Compute/disks/k8s-vm_disk1_3f971dcf44ef45df956d49b1f95fa7a3",
                "name": "k8s-vm_disk1_3f971dcf44ef45df956d49b1f95fa7a3",
                "secure_vm_disk_encryption_set_id": "",
                "security_encryption_type": "",
                "storage_account_type": "Standard_LRS",
                "write_accelerator_enabled": false
              }
            ],
            "os_image_notification": [],
            "patch_assessment_mode": "ImageDefault",
            "patch_mode": "ImageDefault",
            "plan": [],
            "platform_fault_domain": -1,
            "priority": "Regular",
            "private_ip_address": "10.0.1.5",
            "private_ip_addresses": [
              "10.0.1.5"
            ],
            "provision_vm_agent": true,
            "proximity_placement_group_id": "",
            "public_ip_address": "172.191.56.170",
            "public_ip_addresses": [
              "172.191.56.170"
            ],
            "reboot_setting": "",
            "resource_group_name": "devops-project",
            "secret": [],
            "secure_boot_enabled": false,
            "size": "Standard_B1s",
            "source_image_id": "",
            "source_image_reference": [
              {
                "offer": "0001-com-ubuntu-server-jammy",
                "publisher": "Canonical",
                "sku": "22_04-lts",
                "version": "latest"
              }
            ],
            "tags": {},
            "termination_notification": [],
            "timeouts": null,
            "user_data": "IyEvYmluL2Jhc2gKc2V0IC1lCgojIFVwZGF0ZSBzeXN0ZW0Kc3VkbyBhcHQtZ2V0IHVwZGF0ZSAteQpzdWRvIGFwdC1nZXQgdXBncmFkZSAteQoKIyBJbnN0YWxsIERvY2tlcgpzdWRvIGFwdC1nZXQgaW5zdGFsbCAteSBkb2NrZXIuaW8Kc3VkbyBzeXN0ZW1jdGwgc3RhcnQgZG9ja2VyCnN1ZG8gc3lzdGVtY3RsIGVuYWJsZSBkb2NrZXIKc3VkbyB1c2VybW9kIC1hRyBkb2NrZXIgJFVTRVIKCiMgSW5zdGFsbCBKYXZhIChKZW5raW5zIGRlcGVuZGVuY3kpCnN1ZG8gYXB0LWdldCBpbnN0YWxsIC15IG9wZW5qZGstMTEtamRrCgojIEFkZCBKZW5raW5zIHJlcG8gYW5kIGtleQp3Z2V0IC1xIC1PIC0gaHR0cHM6Ly9wa2cuamVua2lucy5pby9kZWJpYW4tc3RhYmxlL2plbmtpbnMuaW8ua2V5IHwgc3VkbyBhcHQta2V5IGFkZCAtCnN1ZG8gc2ggLWMgJ2VjaG8gZGViIGh0dHBzOi8vcGtnLmplbmtpbnMuaW8vZGViaWFuLXN0YWJsZSBiaW5hcnkvID4gL2V0Yy9hcHQvc291cmNlcy5saXN0LmQvamVua2lucy5saXN0JwoKIyBVcGRhdGUgYW5kIGluc3RhbGwgSmVua2lucwpzdWRvIGFwdC1nZXQgdXBkYXRlIC15CnN1ZG8gYXB0LWdldCBpbnN0YWxsIC15IGplbmtpbnMKCiMgU3RhcnQgSmVua2lucyBzZXJ2aWNlCnN1ZG8gc3lzdGVtY3RsIHN0YXJ0IGplbmtpbnMKc3VkbyBzeXN0ZW1jdGwgZW5hYmxlIGplbmtpbnMKCmVjaG8gIkplbmtpbnMgYW5kIERvY2tlciBpbnN0YWxsYXRpb24gY29tcGxldGVkLiIKCiMhL2Jpbi9iYXNoCnNldCAtZQoKIyBVcGRhdGUgc3lzdGVtCnN1ZG8gYXB0LWdldCB1cGRhdGUgLXkKc3VkbyBhcHQtZ2V0IHVwZ3JhZGUgLXkKCiMgSW5zdGFsbCBEb2NrZXIKc3VkbyBhcHQtZ2V0IGluc3RhbGwgLXkgZG9ja2VyLmlvCnN1ZG8gc3lzdGVtY3RsIHN0YXJ0IGRvY2tlcgpzdWRvIHN5c3RlbWN0bCBlbmFibGUgZG9ja2VyCnN1ZG8gdXNlcm1vZCAtYUcgZG9ja2VyICRVU0VSCgojIEluc3RhbGwga3ViZWN0bApjdXJsIC1MTyAiaHR0cHM6Ly9kbC5rOHMuaW8vcmVsZWFzZS8kKGN1cmwgLUwgLXMgaHR0cHM6Ly9kbC5rOHMuaW8vcmVsZWFzZS9zdGFibGUudHh0KS9iaW4vbGludXgvYW1kNjQva3ViZWN0bCIKc3VkbyBpbnN0YWxsIC1vIHJvb3QgLWcgcm9vdCAtbSAwNzU1IGt1YmVjdGwgL3Vzci9sb2NhbC9iaW4va3ViZWN0bApybSBrdWJlY3RsCgojIEluc3RhbGwgS0lORApjdXJsIC1MbyAuL2tpbmQgaHR0cHM6Ly9raW5kLnNpZ3MuazhzLmlvL2RsL3YwLjIwLjAva2luZC1saW51eC1hbWQ2NApjaG1vZCAreCAuL2tpbmQKc3VkbyBtdiAuL2tpbmQgL3Vzci9sb2NhbC9iaW4va2luZAoKIyBDcmVhdGUga2luZCBjbHVzdGVyIChvcHRpb25hbCwgeW91IGNhbiBhbHNvIHJ1biBtYW51YWxseSBsYXRlcikKa2luZCBjcmVhdGUgY2x1c3RlciAtLW5hbWUgZGV2b3BzLWtpbmQKCmVjaG8gIktJTkQsIGt1YmVjdGwsIGFuZCBEb2NrZXIgaW5zdGFsbGF0aW9uIGNvbXBsZXRlZC4iCg==",
            "virtual_machine_id": "29c826ab-0c67-464f-b088-8ee19738d0a7",
            "virtual_machine_scale_set_id": "",
            "vm_agent_platform_updates_enabled": false,
            "vtpm_enabled": false,
            "zone": ""
          },
          "sensitive_attributes": [
            [
              {
                "type": "get_attr",
                "value": "custom_data"
              }
            ],
            [
              {
                "type": "get_attr",
                "value": "admin_password"
              }
            ]
          ],
          "private": "eyJlMmJmYjczMC1lY2FhLTExZTYtOGY4OC0zNDM2M2JjN2M0YzAiOnsiY3JlYXRlIjoyNzAwMDAwMDAwMDAwLCJkZWxldGUiOjI3MDAwMDAwMDAwMDAsInJlYWQiOjMwMDAwMDAwMDAwMCwidXBkYXRlIjoyNzAwMDAwMDAwMDAwfX0=",
          "dependencies": [
            "azurerm_network_interface.nic",
            "azurerm_public_ip.pip",
            "azurerm_resource_group.rg",
            "azurerm_subnet.jenkins_subnet",
            "azurerm_virtual_network.v-net"
          ]
        },
        {
          "index_key": 2,
          "schema_version": 0,
          "attributes": {
            "additional_capabilities": [],
            "admin_password": null,
            "admin_ssh_key": [
              {
                "public_key": "ssh-ed25519 AAAAC3NzaC1lZDI1NTE5AAAAIJHTG69ffzPTztHeE4w02IGqtiXDuj2ioSTIhDB0vDHY keshav@LAPTOP-72QH09HO\r\n",
                "username": "keshav"
              }
            ],
            "admin_username": "keshav",
            "allow_extension_operations": true,
            "availability_set_id": "",
            "boot_diagnostics": [],
            "bypass_platform_safety_checks_on_user_schedule_enabled": false,
            "capacity_reservation_group_id": "",
            "computer_name": "jenkins-agent-1",
            "custom_data": null,
            "dedicated_host_group_id": "",
            "dedicated_host_id": "",
            "disable_password_authentication": true,
            "disk_controller_type": "",
            "edge_zone": "",
            "encryption_at_host_enabled": false,
            "eviction_policy": "",
            "extensions_time_budget": "PT1H30M",
            "gallery_application": [],
            "id": "/subscriptions/d280007c-c6c9-4cfb-bcef-0bb98fff82cd/resourceGroups/devops-project/providers/Microsoft.Compute/virtualMachines/jenkins-agent-1",
            "identity": [],
            "license_type": "",
            "location": "eastus",
            "max_bid_price": -1,
            "name": "jenkins-agent-1",
            "network_interface_ids": [
              "/subscriptions/d280007c-c6c9-4cfb-bcef-0bb98fff82cd/resourceGroups/devops-project/providers/Microsoft.Network/networkInterfaces/jenkins-agent-1-nic"
            ],
            "os_disk": [
              {
                "caching": "ReadWrite",
                "diff_disk_settings": [],
                "disk_encryption_set_id": "",
                "disk_size_gb": 30,
                "id": "/subscriptions/d280007c-c6c9-4cfb-bcef-0bb98fff82cd/resourceGroups/devops-project/providers/Microsoft.Compute/disks/jenkins-agent-1_disk1_a6cc3fcb2dbb4180aa5823bda3863c41",
                "name": "jenkins-agent-1_disk1_a6cc3fcb2dbb4180aa5823bda3863c41",
                "secure_vm_disk_encryption_set_id": "",
                "security_encryption_type": "",
                "storage_account_type": "Standard_LRS",
                "write_accelerator_enabled": false
              }
            ],
            "os_image_notification": [],
            "patch_assessment_mode": "ImageDefault",
            "patch_mode": "ImageDefault",
            "plan": [],
            "platform_fault_domain": -1,
            "priority": "Regular",
            "private_ip_address": "10.0.1.6",
            "private_ip_addresses": [
              "10.0.1.6"
            ],
            "provision_vm_agent": true,
            "proximity_placement_group_id": "",
            "public_ip_address": "172.191.49.69",
            "public_ip_addresses": [
              "172.191.49.69"
            ],
            "reboot_setting": "",
            "resource_group_name": "devops-project",
            "secret": [],
            "secure_boot_enabled": false,
            "size": "Standard_B1s",
            "source_image_id": "",
            "source_image_reference": [
              {
                "offer": "0001-com-ubuntu-server-jammy",
                "publisher": "Canonical",
                "sku": "22_04-lts",
                "version": "latest"
              }
            ],
            "tags": {},
            "termination_notification": [],
            "timeouts": null,
            "user_data": "IyEvYmluL2Jhc2gKc2V0IC1lCgojIFVwZGF0ZSBzeXN0ZW0Kc3VkbyBhcHQtZ2V0IHVwZGF0ZSAteQpzdWRvIGFwdC1nZXQgdXBncmFkZSAteQoKIyBJbnN0YWxsIERvY2tlcgpzdWRvIGFwdC1nZXQgaW5zdGFsbCAteSBkb2NrZXIuaW8Kc3VkbyBzeXN0ZW1jdGwgc3RhcnQgZG9ja2VyCnN1ZG8gc3lzdGVtY3RsIGVuYWJsZSBkb2NrZXIKc3VkbyB1c2VybW9kIC1hRyBkb2NrZXIgJFVTRVIKCiMgSW5zdGFsbCBKYXZhIChKZW5raW5zIGRlcGVuZGVuY3kpCnN1ZG8gYXB0LWdldCBpbnN0YWxsIC15IG9wZW5qZGstMTEtamRrCgojIEFkZCBKZW5raW5zIHJlcG8gYW5kIGtleQp3Z2V0IC1xIC1PIC0gaHR0cHM6Ly9wa2cuamVua2lucy5pby9kZWJpYW4tc3RhYmxlL2plbmtpbnMuaW8ua2V5IHwgc3VkbyBhcHQta2V5IGFkZCAtCnN1ZG8gc2ggLWMgJ2VjaG8gZGViIGh0dHBzOi8vcGtnLmplbmtpbnMuaW8vZGViaWFuLXN0YWJsZSBiaW5hcnkvID4gL2V0Yy9hcHQvc291cmNlcy5saXN0LmQvamVua2lucy5saXN0JwoKIyBVcGRhdGUgYW5kIGluc3RhbGwgSmVua2lucwpzdWRvIGFwdC1nZXQgdXBkYXRlIC15CnN1ZG8gYXB0LWdldCBpbnN0YWxsIC15IGplbmtpbnMKCiMgU3RhcnQgSmVua2lucyBzZXJ2aWNlCnN1ZG8gc3lzdGVtY3RsIHN0YXJ0IGplbmtpbnMKc3VkbyBzeXN0ZW1jdGwgZW5hYmxlIGplbmtpbnMKCmVjaG8gIkplbmtpbnMgYW5kIERvY2tlciBpbnN0YWxsYXRpb24gY29tcGxldGVkLiIKCiMhL2Jpbi9iYXNoCnNldCAtZQoKIyBVcGRhdGUgc3lzdGVtCnN1ZG8gYXB0LWdldCB1cGRhdGUgLXkKc3VkbyBhcHQtZ2V0IHVwZ3JhZGUgLXkKCiMgSW5zdGFsbCBEb2NrZXIKc3VkbyBhcHQtZ2V0IGluc3RhbGwgLXkgZG9ja2VyLmlvCnN1ZG8gc3lzdGVtY3RsIHN0YXJ0IGRvY2tlcgpzdWRvIHN5c3RlbWN0bCBlbmFibGUgZG9ja2VyCnN1ZG8gdXNlcm1vZCAtYUcgZG9ja2VyICRVU0VSCgojIEluc3RhbGwga3ViZWN0bApjdXJsIC1MTyAiaHR0cHM6Ly9kbC5rOHMuaW8vcmVsZWFzZS8kKGN1cmwgLUwgLXMgaHR0cHM6Ly9kbC5rOHMuaW8vcmVsZWFzZS9zdGFibGUudHh0KS9iaW4vbGludXgvYW1kNjQva3ViZWN0bCIKc3VkbyBpbnN0YWxsIC1vIHJvb3QgLWcgcm9vdCAtbSAwNzU1IGt1YmVjdGwgL3Vzci9sb2NhbC9iaW4va3ViZWN0bApybSBrdWJlY3RsCgojIEluc3RhbGwgS0lORApjdXJsIC1MbyAuL2tpbmQgaHR0cHM6Ly9raW5kLnNpZ3MuazhzLmlvL2RsL3YwLjIwLjAva2luZC1saW51eC1hbWQ2NApjaG1vZCAreCAuL2tpbmQKc3VkbyBtdiAuL2tpbmQgL3Vzci9sb2NhbC9iaW4va2luZAoKIyBDcmVhdGUga2luZCBjbHVzdGVyIChvcHRpb25hbCwgeW91IGNhbiBhbHNvIHJ1biBtYW51YWxseSBsYXRlcikKa2luZCBjcmVhdGUgY2x1c3RlciAtLW5hbWUgZGV2b3BzLWtpbmQKCmVjaG8gIktJTkQsIGt1YmVjdGwsIGFuZCBEb2NrZXIgaW5zdGFsbGF0aW9uIGNvbXBsZXRlZC4iCg==",
            "virtual_machine_id": "613a10c0-d782-42b7-aef5-973bc1352ee5",
            "virtual_machine_scale_set_id": "",
            "vm_agent_platform_updates_enabled": false,
            "vtpm_enabled": false,
            "zone": ""
          },
          "sensitive_attributes": [
            [
              {
                "type": "get_attr",
                "value": "admin_password"
              }
            ],
            [
              {
                "type": "get_attr",
                "value": "custom_data"
              }
            ]
          ],
          "private": "eyJlMmJmYjczMC1lY2FhLTExZTYtOGY4OC0zNDM2M2JjN2M0YzAiOnsiY3JlYXRlIjoyNzAwMDAwMDAwMDAwLCJkZWxldGUiOjI3MDAwMDAwMDAwMDAsInJlYWQiOjMwMDAwMDAwMDAwMCwidXBkYXRlIjoyNzAwMDAwMDAwMDAwfX0=",
          "dependencies": [
            "azurerm_network_interface.nic",
            "azurerm_public_ip.pip",
            "azurerm_resource_group.rg",
            "azurerm_subnet.jenkins_subnet",
            "azurerm_virtual_network.v-net"
          ]
        }
      ]
    },
    {
      "mode": "managed",
      "type": "azurerm_network_interface",
      "name": "nic",
      "provider": "provider[\"registry.terraform.io/hashicorp/azurerm\"]",
      "instances": [
        {
          "index_key": 0,
          "schema_version": 0,
          "attributes": {
            "accelerated_networking_enabled": false,
            "applied_dns_servers": [],
            "auxiliary_mode": "",
            "auxiliary_sku": "",
            "dns_servers": [],
            "edge_zone": "",
            "id": "/subscriptions/d280007c-c6c9-4cfb-bcef-0bb98fff82cd/resourceGroups/devops-project/providers/Microsoft.Network/networkInterfaces/jenkins-master-nic",
            "internal_dns_name_label": "",
            "internal_domain_name_suffix": "ybbamsi5rc5elkvqmyfrqhubrg.bx.internal.cloudapp.net",
            "ip_configuration": [
              {
                "gateway_load_balancer_frontend_ip_configuration_id": "",
                "name": "internal",
                "primary": true,
                "private_ip_address": "10.0.1.4",
                "private_ip_address_allocation": "Dynamic",
                "private_ip_address_version": "IPv4",
                "public_ip_address_id": "/subscriptions/d280007c-c6c9-4cfb-bcef-0bb98fff82cd/resourceGroups/devops-project/providers/Microsoft.Network/publicIPAddresses/jenkins-master-pip",
                "subnet_id": "/subscriptions/d280007c-c6c9-4cfb-bcef-0bb98fff82cd/resourceGroups/devops-project/providers/Microsoft.Network/virtualNetworks/devops-V-net/subnets/subnet1"
              }
            ],
            "ip_forwarding_enabled": false,
            "location": "eastus",
            "mac_address": "7C-1E-52-0B-4B-CA",
            "name": "jenkins-master-nic",
            "private_ip_address": "10.0.1.4",
            "private_ip_addresses": [
              "10.0.1.4"
            ],
            "resource_group_name": "devops-project",
            "tags": {},
            "timeouts": null,
            "virtual_machine_id": "/subscriptions/d280007c-c6c9-4cfb-bcef-0bb98fff82cd/resourceGroups/devops-project/providers/Microsoft.Compute/virtualMachines/jenkins-master"
          },
          "sensitive_attributes": [],
          "private": "eyJlMmJmYjczMC1lY2FhLTExZTYtOGY4OC0zNDM2M2JjN2M0YzAiOnsiY3JlYXRlIjoxODAwMDAwMDAwMDAwLCJkZWxldGUiOjE4MDAwMDAwMDAwMDAsInJlYWQiOjMwMDAwMDAwMDAwMCwidXBkYXRlIjoxODAwMDAwMDAwMDAwfX0=",
          "dependencies": [
            "azurerm_public_ip.pip",
            "azurerm_resource_group.rg",
            "azurerm_subnet.jenkins_subnet",
            "azurerm_virtual_network.v-net"
          ]
        },
        {
          "index_key": 1,
          "schema_version": 0,
          "attributes": {
            "accelerated_networking_enabled": false,
            "applied_dns_servers": [],
            "auxiliary_mode": "",
            "auxiliary_sku": "",
            "dns_servers": [],
            "edge_zone": "",
            "id": "/subscriptions/d280007c-c6c9-4cfb-bcef-0bb98fff82cd/resourceGroups/devops-project/providers/Microsoft.Network/networkInterfaces/k8s-nic",
            "internal_dns_name_label": "",
            "internal_domain_name_suffix": "ybbamsi5rc5elkvqmyfrqhubrg.bx.internal.cloudapp.net",
            "ip_configuration": [
              {
                "gateway_load_balancer_frontend_ip_configuration_id": "",
                "name": "internal",
                "primary": true,
                "private_ip_address": "10.0.1.5",
                "private_ip_address_allocation": "Dynamic",
                "private_ip_address_version": "IPv4",
                "public_ip_address_id": "/subscriptions/d280007c-c6c9-4cfb-bcef-0bb98fff82cd/resourceGroups/devops-project/providers/Microsoft.Network/publicIPAddresses/k8s-pip",
                "subnet_id": "/subscriptions/d280007c-c6c9-4cfb-bcef-0bb98fff82cd/resourceGroups/devops-project/providers/Microsoft.Network/virtualNetworks/devops-V-net/subnets/subnet1"
              }
            ],
            "ip_forwarding_enabled": false,
            "location": "eastus",
            "mac_address": "00-22-48-21-CF-BF",
            "name": "k8s-nic",
            "private_ip_address": "10.0.1.5",
            "private_ip_addresses": [
              "10.0.1.5"
            ],
            "resource_group_name": "devops-project",
            "tags": {},
            "timeouts": null,
            "virtual_machine_id": "/subscriptions/d280007c-c6c9-4cfb-bcef-0bb98fff82cd/resourceGroups/devops-project/providers/Microsoft.Compute/virtualMachines/k8s-vm"
          },
          "sensitive_attributes": [],
          "private": "eyJlMmJmYjczMC1lY2FhLTExZTYtOGY4OC0zNDM2M2JjN2M0YzAiOnsiY3JlYXRlIjoxODAwMDAwMDAwMDAwLCJkZWxldGUiOjE4MDAwMDAwMDAwMDAsInJlYWQiOjMwMDAwMDAwMDAwMCwidXBkYXRlIjoxODAwMDAwMDAwMDAwfX0=",
          "dependencies": [
            "azurerm_public_ip.pip",
            "azurerm_resource_group.rg",
            "azurerm_subnet.jenkins_subnet",
            "azurerm_virtual_network.v-net"
          ]
        },
        {
          "index_key": 2,
          "schema_version": 0,
          "attributes": {
            "accelerated_networking_enabled": false,
            "applied_dns_servers": [],
            "auxiliary_mode": "",
            "auxiliary_sku": "",
            "dns_servers": [],
            "edge_zone": "",
            "id": "/subscriptions/d280007c-c6c9-4cfb-bcef-0bb98fff82cd/resourceGroups/devops-project/providers/Microsoft.Network/networkInterfaces/jenkins-agent-1-nic",
            "internal_dns_name_label": "",
            "internal_domain_name_suffix": "ybbamsi5rc5elkvqmyfrqhubrg.bx.internal.cloudapp.net",
            "ip_configuration": [
              {
                "gateway_load_balancer_frontend_ip_configuration_id": "",
                "name": "internal",
                "primary": true,
                "private_ip_address": "10.0.1.6",
                "private_ip_address_allocation": "Dynamic",
                "private_ip_address_version": "IPv4",
                "public_ip_address_id": "/subscriptions/d280007c-c6c9-4cfb-bcef-0bb98fff82cd/resourceGroups/devops-project/providers/Microsoft.Network/publicIPAddresses/jenkins-agent-1-pip",
                "subnet_id": "/subscriptions/d280007c-c6c9-4cfb-bcef-0bb98fff82cd/resourceGroups/devops-project/providers/Microsoft.Network/virtualNetworks/devops-V-net/subnets/subnet1"
              }
            ],
            "ip_forwarding_enabled": false,
            "location": "eastus",
            "mac_address": "00-22-48-1E-A4-38",
            "name": "jenkins-agent-1-nic",
            "private_ip_address": "10.0.1.6",
            "private_ip_addresses": [
              "10.0.1.6"
            ],
            "resource_group_name": "devops-project",
            "tags": {},
            "timeouts": null,
            "virtual_machine_id": "/subscriptions/d280007c-c6c9-4cfb-bcef-0bb98fff82cd/resourceGroups/devops-project/providers/Microsoft.Compute/virtualMachines/jenkins-agent-1"
          },
          "sensitive_attributes": [],
          "private": "eyJlMmJmYjczMC1lY2FhLTExZTYtOGY4OC0zNDM2M2JjN2M0YzAiOnsiY3JlYXRlIjoxODAwMDAwMDAwMDAwLCJkZWxldGUiOjE4MDAwMDAwMDAwMDAsInJlYWQiOjMwMDAwMDAwMDAwMCwidXBkYXRlIjoxODAwMDAwMDAwMDAwfX0=",
          "dependencies": [
            "azurerm_public_ip.pip",
            "azurerm_resource_group.rg",
            "azurerm_subnet.jenkins_subnet",
            "azurerm_virtual_network.v-net"
          ]
        }
      ]
    },
    {
      "mode": "managed",
      "type": "azurerm_network_security_group",
      "name": "nsg",
      "provider": "provider[\"registry.terraform.io/hashicorp/azurerm\"]",
      "instances": [
        {
          "schema_version": 0,
          "attributes": {
            "id": "/subscriptions/d280007c-c6c9-4cfb-bcef-0bb98fff82cd/resourceGroups/devops-project/providers/Microsoft.Network/networkSecurityGroups/network-security-group",
            "location": "eastus",
            "name": "network-security-group",
            "resource_group_name": "devops-project",
            "security_rule": [
              {
                "access": "Allow",
                "description": "",
                "destination_address_prefix": "*",
                "destination_address_prefixes": [],
                "destination_application_security_group_ids": [],
                "destination_port_range": "*",
                "destination_port_ranges": [],
                "direction": "Outbound",
                "name": "Allow-all",
                "priority": 103,
                "protocol": "Tcp",
                "source_address_prefix": "*",
                "source_address_prefixes": [],
                "source_application_security_group_ids": [],
                "source_port_range": "*",
                "source_port_ranges": []
              },
              {
                "access": "Allow",
                "description": "",
                "destination_address_prefix": "*",
                "destination_address_prefixes": [],
                "destination_application_security_group_ids": [],
                "destination_port_range": "22",
                "destination_port_ranges": [],
                "direction": "Inbound",
                "name": "Allow-SSH",
                "priority": 100,
                "protocol": "Tcp",
                "source_address_prefix": "*",
                "source_address_prefixes": [],
                "source_application_security_group_ids": [],
                "source_port_range": "*",
                "source_port_ranges": []
              },
              {
                "access": "Allow",
                "description": "",
                "destination_address_prefix": "*",
                "destination_address_prefixes": [],
                "destination_application_security_group_ids": [],
                "destination_port_range": "8080",
                "destination_port_ranges": [],
                "direction": "Inbound",
                "name": "Allow-HTTP",
                "priority": 101,
                "protocol": "Tcp",
                "source_address_prefix": "*",
                "source_address_prefixes": [],
                "source_application_security_group_ids": [],
                "source_port_range": "*",
                "source_port_ranges": []
              }
            ],
            "tags": {},
            "timeouts": null
          },
          "sensitive_attributes": [],
          "private": "eyJlMmJmYjczMC1lY2FhLTExZTYtOGY4OC0zNDM2M2JjN2M0YzAiOnsiY3JlYXRlIjoxODAwMDAwMDAwMDAwLCJkZWxldGUiOjE4MDAwMDAwMDAwMDAsInJlYWQiOjMwMDAwMDAwMDAwMCwidXBkYXRlIjoxODAwMDAwMDAwMDAwfX0=",
          "dependencies": [
            "azurerm_resource_group.rg",
            "azurerm_virtual_network.v-net"
          ]
        }
      ]
    },
    {
      "mode": "managed",
      "type": "azurerm_network_security_rule",
      "name": "all",
      "provider": "provider[\"registry.terraform.io/hashicorp/azurerm\"]",
      "instances": [
        {
          "schema_version": 0,
          "attributes": {
            "access": "Allow",
            "description": "",
            "destination_address_prefix": "*",
            "destination_address_prefixes": [],
            "destination_application_security_group_ids": [],
            "destination_port_range": "*",
            "destination_port_ranges": [],
            "direction": "Outbound",
            "id": "/subscriptions/d280007c-c6c9-4cfb-bcef-0bb98fff82cd/resourceGroups/devops-project/providers/Microsoft.Network/networkSecurityGroups/network-security-group/securityRules/Allow-all",
            "name": "Allow-all",
            "network_security_group_name": "network-security-group",
            "priority": 103,
            "protocol": "Tcp",
            "resource_group_name": "devops-project",
            "source_address_prefix": "*",
            "source_address_prefixes": [],
            "source_application_security_group_ids": [],
            "source_port_range": "*",
            "source_port_ranges": [],
            "timeouts": null
          },
          "sensitive_attributes": [],
          "private": "eyJlMmJmYjczMC1lY2FhLTExZTYtOGY4OC0zNDM2M2JjN2M0YzAiOnsiY3JlYXRlIjoxODAwMDAwMDAwMDAwLCJkZWxldGUiOjE4MDAwMDAwMDAwMDAsInJlYWQiOjMwMDAwMDAwMDAwMCwidXBkYXRlIjoxODAwMDAwMDAwMDAwfX0=",
          "dependencies": [
            "azurerm_network_security_group.nsg",
            "azurerm_resource_group.rg",
            "azurerm_virtual_network.v-net"
          ]
        }
      ]
    },
    {
      "mode": "managed",
      "type": "azurerm_network_security_rule",
      "name": "http",
      "provider": "provider[\"registry.terraform.io/hashicorp/azurerm\"]",
      "instances": [
        {
          "schema_version": 0,
          "attributes": {
            "access": "Allow",
            "description": "",
            "destination_address_prefix": "*",
            "destination_address_prefixes": [],
            "destination_application_security_group_ids": [],
            "destination_port_range": "8080",
            "destination_port_ranges": [],
            "direction": "Inbound",
            "id": "/subscriptions/d280007c-c6c9-4cfb-bcef-0bb98fff82cd/resourceGroups/devops-project/providers/Microsoft.Network/networkSecurityGroups/network-security-group/securityRules/Allow-HTTP",
            "name": "Allow-HTTP",
            "network_security_group_name": "network-security-group",
            "priority": 101,
            "protocol": "Tcp",
            "resource_group_name": "devops-project",
            "source_address_prefix": "*",
            "source_address_prefixes": [],
            "source_application_security_group_ids": [],
            "source_port_range": "*",
            "source_port_ranges": [],
            "timeouts": null
          },
          "sensitive_attributes": [],
          "private": "eyJlMmJmYjczMC1lY2FhLTExZTYtOGY4OC0zNDM2M2JjN2M0YzAiOnsiY3JlYXRlIjoxODAwMDAwMDAwMDAwLCJkZWxldGUiOjE4MDAwMDAwMDAwMDAsInJlYWQiOjMwMDAwMDAwMDAwMCwidXBkYXRlIjoxODAwMDAwMDAwMDAwfX0=",
          "dependencies": [
            "azurerm_network_security_group.nsg",
            "azurerm_resource_group.rg",
            "azurerm_virtual_network.v-net"
          ]
        }
      ]
    },
    {
      "mode": "managed",
      "type": "azurerm_network_security_rule",
      "name": "ssh",
      "provider": "provider[\"registry.terraform.io/hashicorp/azurerm\"]",
      "instances": [
        {
          "schema_version": 0,
          "attributes": {
            "access": "Allow",
            "description": "",
            "destination_address_prefix": "*",
            "destination_address_prefixes": [],
            "destination_application_security_group_ids": [],
            "destination_port_range": "22",
            "destination_port_ranges": [],
            "direction": "Inbound",
            "id": "/subscriptions/d280007c-c6c9-4cfb-bcef-0bb98fff82cd/resourceGroups/devops-project/providers/Microsoft.Network/networkSecurityGroups/network-security-group/securityRules/Allow-SSH",
            "name": "Allow-SSH",
            "network_security_group_name": "network-security-group",
            "priority": 100,
            "protocol": "Tcp",
            "resource_group_name": "devops-project",
            "source_address_prefix": "*",
            "source_address_prefixes": [],
            "source_application_security_group_ids": [],
            "source_port_range": "*",
            "source_port_ranges": [],
            "timeouts": null
          },
          "sensitive_attributes": [],
          "private": "eyJlMmJmYjczMC1lY2FhLTExZTYtOGY4OC0zNDM2M2JjN2M0YzAiOnsiY3JlYXRlIjoxODAwMDAwMDAwMDAwLCJkZWxldGUiOjE4MDAwMDAwMDAwMDAsInJlYWQiOjMwMDAwMDAwMDAwMCwidXBkYXRlIjoxODAwMDAwMDAwMDAwfX0=",
          "dependencies": [
            "azurerm_network_security_group.nsg",
            "azurerm_resource_group.rg",
            "azurerm_virtual_network.v-net"
          ]
        }
      ]
    },
    {
      "mode": "managed",
      "type": "azurerm_public_ip",
      "name": "pip",
      "provider": "provider[\"registry.terraform.io/hashicorp/azurerm\"]",
      "instances": [
        {
          "index_key": 0,
          "schema_version": 0,
          "attributes": {
            "allocation_method": "Dynamic",
            "ddos_protection_mode": "VirtualNetworkInherited",
            "ddos_protection_plan_id": null,
            "domain_name_label": null,
            "domain_name_label_scope": null,
            "edge_zone": "",
            "fqdn": null,
            "id": "/subscriptions/d280007c-c6c9-4cfb-bcef-0bb98fff82cd/resourceGroups/devops-project/providers/Microsoft.Network/publicIPAddresses/jenkins-master-pip",
            "idle_timeout_in_minutes": 4,
            "ip_address": "172.191.194.100",
            "ip_tags": {},
            "ip_version": "IPv4",
            "location": "eastus",
            "name": "jenkins-master-pip",
            "public_ip_prefix_id": null,
            "resource_group_name": "devops-project",
            "reverse_fqdn": null,
            "sku": "Basic",
            "sku_tier": "Regional",
            "tags": {},
            "timeouts": null,
            "zones": []
          },
          "sensitive_attributes": [],
          "private": "eyJlMmJmYjczMC1lY2FhLTExZTYtOGY4OC0zNDM2M2JjN2M0YzAiOnsiY3JlYXRlIjoxODAwMDAwMDAwMDAwLCJkZWxldGUiOjE4MDAwMDAwMDAwMDAsInJlYWQiOjMwMDAwMDAwMDAwMCwidXBkYXRlIjoxODAwMDAwMDAwMDAwfX0=",
          "dependencies": [
            "azurerm_resource_group.rg",
            "azurerm_virtual_network.v-net"
          ]
        },
        {
          "index_key": 1,
          "schema_version": 0,
          "attributes": {
            "allocation_method": "Dynamic",
            "ddos_protection_mode": "VirtualNetworkInherited",
            "ddos_protection_plan_id": null,
            "domain_name_label": null,
            "domain_name_label_scope": null,
            "edge_zone": "",
            "fqdn": null,
            "id": "/subscriptions/d280007c-c6c9-4cfb-bcef-0bb98fff82cd/resourceGroups/devops-project/providers/Microsoft.Network/publicIPAddresses/k8s-pip",
            "idle_timeout_in_minutes": 4,
            "ip_address": "172.191.56.170",
            "ip_tags": {},
            "ip_version": "IPv4",
            "location": "eastus",
            "name": "k8s-pip",
            "public_ip_prefix_id": null,
            "resource_group_name": "devops-project",
            "reverse_fqdn": null,
            "sku": "Basic",
            "sku_tier": "Regional",
            "tags": {},
            "timeouts": null,
            "zones": []
          },
          "sensitive_attributes": [],
          "private": "eyJlMmJmYjczMC1lY2FhLTExZTYtOGY4OC0zNDM2M2JjN2M0YzAiOnsiY3JlYXRlIjoxODAwMDAwMDAwMDAwLCJkZWxldGUiOjE4MDAwMDAwMDAwMDAsInJlYWQiOjMwMDAwMDAwMDAwMCwidXBkYXRlIjoxODAwMDAwMDAwMDAwfX0=",
          "dependencies": [
            "azurerm_resource_group.rg",
            "azurerm_virtual_network.v-net"
          ]
        },
        {
          "index_key": 2,
          "schema_version": 0,
          "attributes": {
            "allocation_method": "Dynamic",
            "ddos_protection_mode": "VirtualNetworkInherited",
            "ddos_protection_plan_id": null,
            "domain_name_label": null,
            "domain_name_label_scope": null,
            "edge_zone": "",
            "fqdn": null,
            "id": "/subscriptions/d280007c-c6c9-4cfb-bcef-0bb98fff82cd/resourceGroups/devops-project/providers/Microsoft.Network/publicIPAddresses/jenkins-agent-1-pip",
            "idle_timeout_in_minutes": 4,
            "ip_address": "172.191.49.69",
            "ip_tags": {},
            "ip_version": "IPv4",
            "location": "eastus",
            "name": "jenkins-agent-1-pip",
            "public_ip_prefix_id": null,
            "resource_group_name": "devops-project",
            "reverse_fqdn": null,
            "sku": "Basic",
            "sku_tier": "Regional",
            "tags": {},
            "timeouts": null,
            "zones": []
          },
          "sensitive_attributes": [],
          "private": "eyJlMmJmYjczMC1lY2FhLTExZTYtOGY4OC0zNDM2M2JjN2M0YzAiOnsiY3JlYXRlIjoxODAwMDAwMDAwMDAwLCJkZWxldGUiOjE4MDAwMDAwMDAwMDAsInJlYWQiOjMwMDAwMDAwMDAwMCwidXBkYXRlIjoxODAwMDAwMDAwMDAwfX0=",
          "dependencies": [
            "azurerm_resource_group.rg",
            "azurerm_virtual_network.v-net"
          ]
        }
      ]
    },
    {
      "mode": "managed",
      "type": "azurerm_resource_group",
      "name": "rg",
      "provider": "provider[\"registry.terraform.io/hashicorp/azurerm\"]",
      "instances": [
        {
          "schema_version": 0,
          "attributes": {
            "id": "/subscriptions/d280007c-c6c9-4cfb-bcef-0bb98fff82cd/resourceGroups/devops-project",
            "location": "eastus",
            "managed_by": "",
            "name": "devops-project",
            "tags": {},
            "timeouts": null
          },
          "sensitive_attributes": [],
          "private": "eyJlMmJmYjczMC1lY2FhLTExZTYtOGY4OC0zNDM2M2JjN2M0YzAiOnsiY3JlYXRlIjo1NDAwMDAwMDAwMDAwLCJkZWxldGUiOjU0MDAwMDAwMDAwMDAsInJlYWQiOjMwMDAwMDAwMDAwMCwidXBkYXRlIjo1NDAwMDAwMDAwMDAwfX0="
        }
      ]
    },
    {
      "mode": "managed",
      "type": "azurerm_subnet",
      "name": "jenkins_subnet",
      "provider": "provider[\"registry.terraform.io/hashicorp/azurerm\"]",
      "instances": [
        {
          "schema_version": 0,
          "attributes": {
            "address_prefixes": [
              "10.0.1.0/24"
            ],
            "default_outbound_access_enabled": true,
            "delegation": [],
            "id": "/subscriptions/d280007c-c6c9-4cfb-bcef-0bb98fff82cd/resourceGroups/devops-project/providers/Microsoft.Network/virtualNetworks/devops-V-net/subnets/subnet1",
            "name": "subnet1",
            "private_endpoint_network_policies": "Disabled",
            "private_link_service_network_policies_enabled": true,
            "resource_group_name": "devops-project",
            "service_endpoint_policy_ids": [],
            "service_endpoints": [],
            "timeouts": null,
            "virtual_network_name": "devops-V-net"
          },
          "sensitive_attributes": [],
          "private": "eyJlMmJmYjczMC1lY2FhLTExZTYtOGY4OC0zNDM2M2JjN2M0YzAiOnsiY3JlYXRlIjoxODAwMDAwMDAwMDAwLCJkZWxldGUiOjE4MDAwMDAwMDAwMDAsInJlYWQiOjMwMDAwMDAwMDAwMCwidXBkYXRlIjoxODAwMDAwMDAwMDAwfX0=",
          "dependencies": [
            "azurerm_resource_group.rg",
            "azurerm_virtual_network.v-net"
          ]
        }
      ]
    },
    {
      "mode": "managed",
      "type": "azurerm_subnet_network_security_group_association",
      "name": "nsg-association",
      "provider": "provider[\"registry.terraform.io/hashicorp/azurerm\"]",
      "instances": [
        {
          "schema_version": 0,
          "attributes": {
            "id": "/subscriptions/d280007c-c6c9-4cfb-bcef-0bb98fff82cd/resourceGroups/devops-project/providers/Microsoft.Network/virtualNetworks/devops-V-net/subnets/subnet1",
            "network_security_group_id": "/subscriptions/d280007c-c6c9-4cfb-bcef-0bb98fff82cd/resourceGroups/devops-project/providers/Microsoft.Network/networkSecurityGroups/network-security-group",
            "subnet_id": "/subscriptions/d280007c-c6c9-4cfb-bcef-0bb98fff82cd/resourceGroups/devops-project/providers/Microsoft.Network/virtualNetworks/devops-V-net/subnets/subnet1",
            "timeouts": null
          },
          "sensitive_attributes": [],
          "private": "eyJlMmJmYjczMC1lY2FhLTExZTYtOGY4OC0zNDM2M2JjN2M0YzAiOnsiY3JlYXRlIjoxODAwMDAwMDAwMDAwLCJkZWxldGUiOjE4MDAwMDAwMDAwMDAsInJlYWQiOjMwMDAwMDAwMDAwMH19",
          "dependencies": [
            "azurerm_network_security_group.nsg",
            "azurerm_resource_group.rg",
            "azurerm_subnet.jenkins_subnet",
            "azurerm_virtual_network.v-net"
          ]
        }
      ]
    },
    {
      "mode": "managed",
      "type": "azurerm_virtual_network",
      "name": "v-net",
      "provider": "provider[\"registry.terraform.io/hashicorp/azurerm\"]",
      "instances": [
        {
          "schema_version": 0,
          "attributes": {
            "address_space": [
              "10.0.0.0/16"
            ],
            "bgp_community": "",
            "ddos_protection_plan": [],
            "dns_servers": [],
            "edge_zone": "",
            "encryption": [],
            "flow_timeout_in_minutes": 0,
            "guid": "490642c0-881f-45be-aab0-660b181e818e",
            "id": "/subscriptions/d280007c-c6c9-4cfb-bcef-0bb98fff82cd/resourceGroups/devops-project/providers/Microsoft.Network/virtualNetworks/devops-V-net",
            "location": "eastus",
            "name": "devops-V-net",
            "private_endpoint_vnet_policies": "Disabled",
            "resource_group_name": "devops-project",
            "subnet": [
              {
                "address_prefixes": [
                  "10.0.1.0/24"
                ],
                "default_outbound_access_enabled": true,
                "delegation": [],
                "id": "/subscriptions/d280007c-c6c9-4cfb-bcef-0bb98fff82cd/resourceGroups/devops-project/providers/Microsoft.Network/virtualNetworks/devops-V-net/subnets/subnet1",
                "name": "subnet1",
                "private_endpoint_network_policies": "Disabled",
                "private_link_service_network_policies_enabled": true,
                "route_table_id": "",
                "security_group": "/subscriptions/d280007c-c6c9-4cfb-bcef-0bb98fff82cd/resourceGroups/devops-project/providers/Microsoft.Network/networkSecurityGroups/network-security-group",
                "service_endpoint_policy_ids": [],
                "service_endpoints": []
              }
            ],
            "tags": {},
            "timeouts": null
          },
          "sensitive_attributes": [],
          "private": "eyJlMmJmYjczMC1lY2FhLTExZTYtOGY4OC0zNDM2M2JjN2M0YzAiOnsiY3JlYXRlIjoxODAwMDAwMDAwMDAwLCJkZWxldGUiOjE4MDAwMDAwMDAwMDAsInJlYWQiOjMwMDAwMDAwMDAwMCwidXBkYXRlIjoxODAwMDAwMDAwMDAwfX0=",
          "dependencies": [
            "azurerm_resource_group.rg"
          ]
        }
      ]
    }
  ],
  "check_results": null
}
